
Microsoft Visual Studio Solution File, Format Version 12.00
# Visual Studio Version 17
VisualStudioVersion = 17.13.35919.96
MinimumVisualStudioVersion = 10.0.40219.1
Project("{FAE04EC0-301F-11D3-BF4B-00C04F79EFBC}") = "Wombat.CommGateway.Application", "Wombat.CommGateway.Application\Wombat.CommGateway.Application.csproj", "{7B201977-C707-4B1D-A7FA-E55E52C0A32E}"
EndProject
Project("{FAE04EC0-301F-11D3-BF4B-00C04F79EFBC}") = "Wombat.CommGateway.Infrastructure", "Wombat.CommGateway.Infrastructure\Wombat.CommGateway.Infrastructure.csproj", "{69B398E4-2923-4366-AF91-55E8EA4B266B}"
EndProject
Project("{FAE04EC0-301F-11D3-BF4B-00C04F79EFBC}") = "Wombat.CommGateway.Domain", "Wombat.CommGateway.Domain\Wombat.CommGateway.Domain.csproj", "{0E4A1173-24FC-4396-8EF9-19E0461C3082}"
EndProject
Project("{FAE04EC0-301F-11D3-BF4B-00C04F79EFBC}") = "Wombat.CommGateway.Api", "Wombat.CommGateway.Api\Wombat.CommGateway.Api.csproj", "{AB735949-8A96-2C1F-7CE9-DF70BC93EDCA}"
EndProject
Project("{FAE04EC0-301F-11D3-BF4B-00C04F79EFBC}") = "Wombat.IndustrialCommunication", "..\Wombat.IndustrialCommunication\Wombat.IndustrialCommunication\Wombat.IndustrialCommunication\Wombat.IndustrialCommunication.csproj", "{49E66F1C-05BC-C52F-DF65-A35C02603AAF}"
EndProject
Project("{FAE04EC0-301F-11D3-BF4B-00C04F79EFBC}") = "Wombat.Extensions.DataTypeExtensions", "..\Wombat.Extensions.DataTypeExtensions\Wombat.Extensions.DataTypeExtensions\Wombat.Extensions.DataTypeExtensions\Wombat.Extensions.DataTypeExtensions.csproj", "{83C0A169-7D96-3847-9FF7-0EF97658B0C1}"
EndProject
Global
	GlobalSection(SolutionConfigurationPlatforms) = preSolution
		Debug|Any CPU = Debug|Any CPU
		Release|Any CPU = Release|Any CPU
	EndGlobalSection
	GlobalSection(ProjectConfigurationPlatforms) = postSolution
		{7B201977-C707-4B1D-A7FA-E55E52C0A32E}.Debug|Any CPU.ActiveCfg = Debug|Any CPU
		{7B201977-C707-4B1D-A7FA-E55E52C0A32E}.Debug|Any CPU.Build.0 = Debug|Any CPU
		{7B201977-C707-4B1D-A7FA-E55E52C0A32E}.Release|Any CPU.ActiveCfg = Release|Any CPU
		{7B201977-C707-4B1D-A7FA-E55E52C0A32E}.Release|Any CPU.Build.0 = Release|Any CPU
		{69B398E4-2923-4366-AF91-55E8EA4B266B}.Debug|Any CPU.ActiveCfg = Debug|Any CPU
		{69B398E4-2923-4366-AF91-55E8EA4B266B}.Debug|Any CPU.Build.0 = Debug|Any CPU
		{69B398E4-2923-4366-AF91-55E8EA4B266B}.Release|Any CPU.ActiveCfg = Release|Any CPU
		{69B398E4-2923-4366-AF91-55E8EA4B266B}.Release|Any CPU.Build.0 = Release|Any CPU
		{0E4A1173-24FC-4396-8EF9-19E0461C3082}.Debug|Any CPU.ActiveCfg = Debug|Any CPU
		{0E4A1173-24FC-4396-8EF9-19E0461C3082}.Debug|Any CPU.Build.0 = Debug|Any CPU
		{0E4A1173-24FC-4396-8EF9-19E0461C3082}.Release|Any CPU.ActiveCfg = Release|Any CPU
		{0E4A1173-24FC-4396-8EF9-19E0461C3082}.Release|Any CPU.Build.0 = Release|Any CPU
		{AB735949-8A96-2C1F-7CE9-DF70BC93EDCA}.Debug|Any CPU.ActiveCfg = Debug|Any CPU
		{AB735949-8A96-2C1F-7CE9-DF70BC93EDCA}.Debug|Any CPU.Build.0 = Debug|Any CPU
		{AB735949-8A96-2C1F-7CE9-DF70BC93EDCA}.Release|Any CPU.ActiveCfg = Release|Any CPU
		{AB735949-8A96-2C1F-7CE9-DF70BC93EDCA}.Release|Any CPU.Build.0 = Release|Any CPU
		{49E66F1C-05BC-C52F-DF65-A35C02603AAF}.Debug|Any CPU.ActiveCfg = Debug|Any CPU
		{49E66F1C-05BC-C52F-DF65-A35C02603AAF}.Debug|Any CPU.Build.0 = Debug|Any CPU
		{49E66F1C-05BC-C52F-DF65-A35C02603AAF}.Release|Any CPU.ActiveCfg = Release|Any CPU
		{49E66F1C-05BC-C52F-DF65-A35C02603AAF}.Release|Any CPU.Build.0 = Release|Any CPU
		{83C0A169-7D96-3847-9FF7-0EF97658B0C1}.Debug|Any CPU.ActiveCfg = Debug|Any CPU
		{83C0A169-7D96-3847-9FF7-0EF97658B0C1}.Debug|Any CPU.Build.0 = Debug|Any CPU
		{83C0A169-7D96-3847-9FF7-0EF97658B0C1}.Release|Any CPU.ActiveCfg = Release|Any CPU
		{83C0A169-7D96-3847-9FF7-0EF97658B0C1}.Release|Any CPU.Build.0 = Release|Any CPU
	EndGlobalSection
	GlobalSection(SolutionProperties) = preSolution
		HideSolutionNode = FALSE
	EndGlobalSection
	GlobalSection(ExtensibilityGlobals) = postSolution
		SolutionGuid = {8E6B75AF-6950-476B-8E34-BBC0AD29FE2C}
	EndGlobalSection
EndGlobal
